lockfileVersion: '9.0'

settings:
  autoInstallPeers: true
  excludeLinksFromLockfile: false

importers:

  .:
    dependencies:
      resizable:
        specifier: ^2.0.0
        version: 2.0.0

packages:

  define-state@1.1.1:
    resolution: {integrity: sha512-b9fG+bSqdgugDng/k2FRMlMd5C4OpvCowyyfQ8pB1T1Yz1o+PPFAyl1nWs0aKUlaa/YeNIMnIZri/9AamLKnRA==}

  draggy@2.0.5:
    resolution: {integrity: sha512-ls3QdII5Iqjp7PziiylxGjgtt/6DcvCXZrSt2qmuwVz5jdHTpbY/LLnklet6bGjrM8JWGg4+L0NODZEOO8OwDQ==}

  emmy@7.1.1:
    resolution: {integrity: sha512-UyybjWLa/FUXAWxe5vGhuwJ4W7Kn9V1Ou3m9UjPdFY+A3j0n7SGMl4+AJUtvS6j8ySra1mZVWjv4GzrpW1beZg==}

  get-client-xy@1.2.0:
    resolution: {integrity: sha512-6g4Yk9r3ND+oua5Gm9V+vzD+iRrjn7ElUAe1wAr8sarTqnDoG+Qa4aRHNVYOS5NchGLom8mffrXRsP9Xqlv27w==}

  icicle@0.1.3:
    resolution: {integrity: sha512-TnypITKI14E0UAQMkFV8CXSSf5NdQOjPnNM9zXpz0fz7jywGVBfR7grJRP0WHNgPl72BMKaiJu0OahJIdO95pw==}

  is-browser@2.1.0:
    resolution: {integrity: sha512-F5rTJxDQ2sW81fcfOR1GnCXT6sVJC104fCyfj+mjpwNEwaPYSn5fte5jiHmBg3DHsIoL/l8Kvw5VN5SsTRcRFQ==}

  is-plain-obj@1.1.0:
    resolution: {integrity: sha512-yvkRyxmFKEOQ4pNXCmJG5AEQNlXJS5LaONXo5/cLdTZdWvsZ1ioJEonLGAosKlMWE8lwUy/bJzMjcw8az73+Fg==}
    engines: {node: '>=0.10.0'}

  is-primitive@3.0.1:
    resolution: {integrity: sha512-GljRxhWvlCNRfZyORiH77FwdFwGcMO620o37EOYC0ORWdq+WYNVqW0w2Juzew4M+L81l6/QS3t5gkkihyRqv9w==}
    engines: {node: '>=0.10.0'}

  mucss@1.1.5:
    resolution: {integrity: sha512-rB2Dvdp116N3SwYIM9/q1lNA+3NK8f48j9Oo19v5DonggWXbd3Se39NW4wQctgLNm1/LRPbTJWv6ixOmMfqJzw==}
    deprecated: Folks this is only a collection of snippets - just look at source and copy-paste to your project needed parts.

  mutype@0.3.9:
    resolution: {integrity: sha512-xT72r2GVIzWJF1zT8Oa9GlL1+QYmo0pfZwxT1hmsBWljP1D5I8t2NeLD+3QKM7uYhrMVxGF76MLfOSp3Vn3F8g==}
    deprecated: Better inline type checks than add a dependency.

  parse-unit@1.0.1:
    resolution: {integrity: sha512-hrqldJHokR3Qj88EIlV/kAyAi/G5R2+R56TBANxNMy0uPlYcttx0jnMW6Yx5KsKPSbC3KddM/7qQm3+0wEXKxg==}

  resizable@2.0.0:
    resolution: {integrity: sha512-ykbsO5/aIT5QEwYtpKgkuKa6Ximc/ZgD0Se0SJWCMdvwtfLtgw1RhjonLP/2XjbVD4AtBgHn4zEbsHLOxGOabg==}

  st8@2.1.0:
    resolution: {integrity: sha512-qScSiuf6m66DALLJoM5NUtRM6/+cyPiqUHDgS278/NRaXYLiLmB3w1CQxVYzRdGLta81j2aJnv4iNUbwaePHiA==}

  to-px@1.1.0:
    resolution: {integrity: sha512-bfg3GLYrGoEzrGoE05TAL/Uw+H/qrf2ptr9V3W7U0lkjjyYnIfgxmVLUfhQ1hZpIQwin81uxhDjvUkDYsC0xWw==}

  weak-map@1.0.8:
    resolution: {integrity: sha512-lNR9aAefbGPpHO7AEnY0hCFjz1eTkWCXYvkTRrTHs9qv8zJp+SkVYpzfLIFXQQiG3tVvbNFQgVg2bQS8YGgxyw==}

snapshots:

  define-state@1.1.1:
    dependencies:
      st8: 2.1.0

  draggy@2.0.5:
    dependencies:
      define-state: 1.1.1
      emmy: 7.1.1
      get-client-xy: 1.2.0
      mucss: 1.1.5
      mutype: 0.3.9
      to-px: 1.1.0

  emmy@7.1.1:
    dependencies:
      icicle: 0.1.3
      is-browser: 2.1.0
      is-plain-obj: 1.1.0
      weak-map: 1.0.8

  get-client-xy@1.2.0: {}

  icicle@0.1.3: {}

  is-browser@2.1.0: {}

  is-plain-obj@1.1.0: {}

  is-primitive@3.0.1: {}

  mucss@1.1.5: {}

  mutype@0.3.9: {}

  parse-unit@1.0.1: {}

  resizable@2.0.0:
    dependencies:
      draggy: 2.0.5
      emmy: 7.1.1
      mucss: 1.1.5

  st8@2.1.0:
    dependencies:
      is-primitive: 3.0.1

  to-px@1.1.0:
    dependencies:
      parse-unit: 1.0.1

  weak-map@1.0.8: {}
